
Microsoft Visual Studio Solution File, Format Version 12.00
# Visual Studio Version 17
VisualStudioVersion = 17.5.33414.496
MinimumVisualStudioVersion = 10.0.40219.1
Project("{FAE04EC0-301F-11D3-BF4B-00C04F79EFBC}") = "Leer Teclado", "Leer Teclado\Leer Teclado.csproj", "{C8FA96D3-40F3-49C4-A107-786F6F67929A}"
EndProject
Global
	GlobalSection(SolutionConfigurationPlatforms) = preSolution
		Debug|Any CPU = Debug|Any CPU
		Release|Any CPU = Release|Any CPU
	EndGlobalSection
	GlobalSection(ProjectConfigurationPlatforms) = postSolution
		{C8FA96D3-40F3-49C4-A107-786F6F67929A}.Debug|Any CPU.ActiveCfg = Debug|Any CPU
		{C8FA96D3-40F3-49C4-A107-786F6F67929A}.Debug|Any CPU.Build.0 = Debug|Any CPU
		{C8FA96D3-40F3-49C4-A107-786F6F67929A}.Release|Any CPU.ActiveCfg = Release|Any CPU
		{C8FA96D3-40F3-49C4-A107-786F6F67929A}.Release|Any CPU.Build.0 = Release|Any CPU
	EndGlobalSection
	GlobalSection(SolutionProperties) = preSolution
		HideSolutionNode = FALSE
	EndGlobalSection
	GlobalSection(ExtensibilityGlobals) = postSolution
		SolutionGuid = {90C421DA-FDE7-400F-91CE-2ABF1698632C}
	EndGlobalSection
EndGlobal
